
Microsoft Visual Studio Solution File, Format Version 10.00
# Visual C# Express 2008
Project("{FAE04EC0-301F-11D3-BF4B-00C04F79EFBC}") = "EndlessCheezTest", "EndlessCheezTest\EndlessCheezTest.csproj", "{27111BF4-CF2F-4022-BFD7-68B065A96075}"
	ProjectSection(ProjectDependencies) = postProject
		{3D891031-7CD7-4054-8436-37045537AC94} = {3D891031-7CD7-4054-8436-37045537AC94}
	EndProjectSection
EndProject
Project("{FAE04EC0-301F-11D3-BF4B-00C04F79EFBC}") = "EndlessCheez", "EndlessCheez\EndlessCheez.csproj", "{F9938B9A-98AD-46FA-8EF2-B193998CAF8C}"
	ProjectSection(ProjectDependencies) = postProject
		{3D891031-7CD7-4054-8436-37045537AC94} = {3D891031-7CD7-4054-8436-37045537AC94}
	EndProjectSection
EndProject
Project("{FAE04EC0-301F-11D3-BF4B-00C04F79EFBC}") = "CheezburgerAPI", "CheezburgerAPI\CheezburgerAPI.csproj", "{3D891031-7CD7-4054-8436-37045537AC94}"
EndProject
Global
	GlobalSection(SolutionConfigurationPlatforms) = preSolution
		Debug|Any CPU = Debug|Any CPU
		Release|Any CPU = Release|Any CPU
	EndGlobalSection
	GlobalSection(ProjectConfigurationPlatforms) = postSolution
		{27111BF4-CF2F-4022-BFD7-68B065A96075}.Debug|Any CPU.ActiveCfg = Debug|Any CPU
		{27111BF4-CF2F-4022-BFD7-68B065A96075}.Debug|Any CPU.Build.0 = Debug|Any CPU
		{27111BF4-CF2F-4022-BFD7-68B065A96075}.Release|Any CPU.ActiveCfg = Release|Any CPU
		{27111BF4-CF2F-4022-BFD7-68B065A96075}.Release|Any CPU.Build.0 = Release|Any CPU
		{F9938B9A-98AD-46FA-8EF2-B193998CAF8C}.Debug|Any CPU.ActiveCfg = Debug|Any CPU
		{F9938B9A-98AD-46FA-8EF2-B193998CAF8C}.Debug|Any CPU.Build.0 = Debug|Any CPU
		{F9938B9A-98AD-46FA-8EF2-B193998CAF8C}.Release|Any CPU.ActiveCfg = Release|Any CPU
		{F9938B9A-98AD-46FA-8EF2-B193998CAF8C}.Release|Any CPU.Build.0 = Release|Any CPU
		{3D891031-7CD7-4054-8436-37045537AC94}.Debug|Any CPU.ActiveCfg = Debug|Any CPU
		{3D891031-7CD7-4054-8436-37045537AC94}.Debug|Any CPU.Build.0 = Debug|Any CPU
		{3D891031-7CD7-4054-8436-37045537AC94}.Release|Any CPU.ActiveCfg = Release|Any CPU
		{3D891031-7CD7-4054-8436-37045537AC94}.Release|Any CPU.Build.0 = Release|Any CPU
	EndGlobalSection
	GlobalSection(SolutionProperties) = preSolution
		HideSolutionNode = FALSE
	EndGlobalSection
EndGlobal
